{
  "lockfileVersion": 1,
  "configVersion": 1,
  "workspaces": {
    "": {
      "name": "typst-time-machine-web",
      "dependencies": {
        "pixelmatch": "7.1.0",
      },
      "devDependencies": {
        "@types/bun": "1.3.9",
        "@types/pixelmatch": "5.2.6",
        "typescript": "5.9.3",
      },
    },
  },
  "packages": {
    "@types/bun": ["@types/bun@1.3.9", "", { "dependencies": { "bun-types": "1.3.9" } }, "sha512-KQ571yULOdWJiMH+RIWIOZ7B2RXQGpL1YQrBtLIV3FqDcCu6FsbFUBwhdKUlCKUpS3PJDsHlJ1QKlpxoVR+xtw=="],

    "@types/node": ["@types/node@26.1.1", "", { "dependencies": { "undici-types": "~8.3.0" } }, "sha512-nxAkRSVkN1Y0JC1W8ky/fTfkGsMmcrRsbx+3XoZE+rMOX71kLYTV7fLXpqud1GpbpP5TuffXFqfX7fH2GgZREw=="],

    "@types/pixelmatch": ["@types/pixelmatch@5.2.6", "", { "dependencies": { "@types/node": "*" } }, "sha512-wC83uexE5KGuUODn6zkm9gMzTwdY5L0chiK+VrKcDfEjzxh1uadlWTvOmAbCpnM9zx/Ww3f8uKlYQVnO/TrqVg=="],

    "bun-types": ["bun-types@1.3.9", "", { "dependencies": { "@types/node": "*" } }, "sha512-+UBWWOakIP4Tswh0Bt0QD0alpTY8cb5hvgiYeWCMet9YukHbzuruIEeXC2D7nMJPB12kbh8C7XJykSexEqGKJg=="],

    "pixelmatch": ["pixelmatch@7.1.0", "", { "dependencies": { "pngjs": "^7.0.0" }, "bin": { "pixelmatch": "bin/pixelmatch" } }, "sha512-1wrVzJ2STrpmONHKBy228LM1b84msXDUoAzVEl0R8Mz4Ce6EPr+IVtxm8+yvrqLYMHswREkjYFaMxnyGnaY3Ng=="],

    "pngjs": ["pngjs@7.0.0", "", {}, "sha512-LKWqWJRhstyYo9pGvgor/ivk2w94eSjE3RGVuzLGlr3NmD8bf7RcYGze1mNdEHRP6TRP6rMuDHk5t44hnTRyow=="],

    "typescript": ["typescript@5.9.3", "", { "bin": { "tsc": "bin/tsc", "tsserver": "bin/tsserver" } }, "sha512-jl1vZzPDinLr9eUt3J/t7V6FgNEw9QjvBPdysz9KfQDD41fQrC2Y4vKQdiaUpFT4bXlb1RHhLpp8wtm6M5TgSw=="],

    "undici-types": ["undici-types@8.3.0", "", {}, "sha512-j375ScV60dom+YkPFIfTLcOiPxkN/buHz5GobjLhixFuANaNs3C9l4GmrWqejgXWJ7BbJcFYpTEUkS1Ge8bpZQ=="],
  }
}
